<Solution>
  <Folder Name="/2026_01_20_CS/">
    <Project Path="A06_IntMemoryVariable/A06_IntMemoryVariable.csproj" Id="6a866332-b616-4f41-9b3d-52e5f80782f9" />
    <Project Path="A07_IntSimpleCalculator/A07_IntSimpleCalculator.csproj" Id="69adb13a-cd9f-46f1-813f-f806bd432118" />
    <Project Path="A08_DoubleSimpleCalculator/A08_DoubleSimpleCalculator.csproj" Id="8d041a29-2190-42e7-a9b1-abcde0a0ab4a" />
    <Project Path="A16_For/A16_For.csproj" Id="62c1745d-d59c-4ab2-b4e6-77eff07edade" />
    <Project Path="A21_GenericListOfString/A21_GenericListOfString.csproj" Id="3131ed4b-cb2f-4350-bed6-7aa09fd4b8b7" />
  </Folder>
  <Folder Name="/Assignments/" />
  <Folder Name="/Assignments/2026_01_20/">
    <Project Path="A05_ThreeMemoryVariable/A05_ThreeMemoryVariable.csproj" Id="5789ee6c-362e-4c4f-a298-074764bb79cc" />
    <Project Path="A11_IfElse/A11_IfElse.csproj" Id="4e8a5217-1240-47ec-8de7-8c146b80b2f9" />
  </Folder>
  <Project Path="A01_StringMemoryVariable/A01_StringMemoryVariable.csproj" Id="22df1bea-e6c9-4fbd-8604-c115429ff1c5" />
</Solution>
